
Microsoft Visual Studio Solution File, Format Version 12.00
# Visual Studio Version 17
VisualStudioVersion = 17.4.33110.190
MinimumVisualStudioVersion = 10.0.40219.1
Project("{FAE04EC0-301F-11D3-BF4B-00C04F79EFBC}") = "Solis_Problem1FP", "Solis_Problem1\Solis_Problem1FP.csproj", "{91D4E8AE-EBCE-4D3A-80B8-10294F398D30}"
EndProject
Global
	GlobalSection(SolutionConfigurationPlatforms) = preSolution
		Debug|Any CPU = Debug|Any CPU
		Release|Any CPU = Release|Any CPU
	EndGlobalSection
	GlobalSection(ProjectConfigurationPlatforms) = postSolution
		{91D4E8AE-EBCE-4D3A-80B8-10294F398D30}.Debug|Any CPU.ActiveCfg = Debug|Any CPU
		{91D4E8AE-EBCE-4D3A-80B8-10294F398D30}.Debug|Any CPU.Build.0 = Debug|Any CPU
		{91D4E8AE-EBCE-4D3A-80B8-10294F398D30}.Release|Any CPU.ActiveCfg = Release|Any CPU
		{91D4E8AE-EBCE-4D3A-80B8-10294F398D30}.Release|Any CPU.Build.0 = Release|Any CPU
	EndGlobalSection
	GlobalSection(SolutionProperties) = preSolution
		HideSolutionNode = FALSE
	EndGlobalSection
	GlobalSection(ExtensibilityGlobals) = postSolution
		SolutionGuid = {980613CC-4081-44CF-900D-D6DE7DEC854C}
	EndGlobalSection
EndGlobal
